
Microsoft Visual Studio Solution File, Format Version 12.00
# Visual Studio Version 17
VisualStudioVersion = 17.0.31903.59
MinimumVisualStudioVersion = 10.0.40219.1
Project("{2150E333-8FDC-42A3-9474-1A3956D46DE8}") = "src", "src", "{827E0CD3-B72D-47B6-A68D-7590B98EB39B}"
EndProject
Project("{FAE04EC0-301F-11D3-BF4B-00C04F79EFBC}") = "Lmsr.Domain", "src\Lmsr.Domain\Lmsr.Domain.csproj", "{5BF2AEAF-8004-4AB3-A885-92FCCA2F3A11}"
EndProject
Project("{FAE04EC0-301F-11D3-BF4B-00C04F79EFBC}") = "Lmsr.Application", "src\Lmsr.Application\Lmsr.Application.csproj", "{FE0AB53A-3898-4007-B98D-BC76897DBEBB}"
EndProject
Project("{FAE04EC0-301F-11D3-BF4B-00C04F79EFBC}") = "Lmsr.Infrastructure", "src\Lmsr.Infrastructure\Lmsr.Infrastructure.csproj", "{344D153A-8B34-4BC3-9641-6666E516BED1}"
EndProject
Project("{FAE04EC0-301F-11D3-BF4B-00C04F79EFBC}") = "Lmsr.Presentation", "src\Lmsr.Presentation\Lmsr.Presentation.csproj", "{077D8993-2751-4B8C-BFA3-B1B736B5407C}"
EndProject
Project("{2150E333-8FDC-42A3-9474-1A3956D46DE8}") = "tests", "tests", "{0AB3BF05-4346-4AA6-1389-037BE0695223}"
EndProject
Project("{FAE04EC0-301F-11D3-BF4B-00C04F79EFBC}") = "Lmsr.Domain.Tests", "tests\Lmsr.Domain.Tests\Lmsr.Domain.Tests.csproj", "{87462E0C-37B6-4440-A222-464EBEE2F6B8}"
EndProject
Project("{FAE04EC0-301F-11D3-BF4B-00C04F79EFBC}") = "Lmsr.Application.Tests", "tests\Lmsr.Application.Tests\Lmsr.Application.Tests.csproj", "{2F3D22B6-B03F-4498-966B-A480586DBDC4}"
EndProject
Project("{FAE04EC0-301F-11D3-BF4B-00C04F79EFBC}") = "Lmsr.Infrastructure.Tests", "tests\Lmsr.Infrastructure.Tests\Lmsr.Infrastructure.Tests.csproj", "{1BC86167-5F4F-492A-8C8D-8DE2134E5A80}"
EndProject
Project("{FAE04EC0-301F-11D3-BF4B-00C04F79EFBC}") = "Lmsr.Presentation.Tests", "tests\Lmsr.Presentation.Tests\Lmsr.Presentation.Tests.csproj", "{B08F26D8-4C2E-4E40-839A-7955117993BF}"
EndProject
Global
	GlobalSection(SolutionConfigurationPlatforms) = preSolution
		Debug|Any CPU = Debug|Any CPU
		Debug|x64 = Debug|x64
		Debug|x86 = Debug|x86
		Release|Any CPU = Release|Any CPU
		Release|x64 = Release|x64
		Release|x86 = Release|x86
	EndGlobalSection
	GlobalSection(ProjectConfigurationPlatforms) = postSolution
		{5BF2AEAF-8004-4AB3-A885-92FCCA2F3A11}.Debug|Any CPU.ActiveCfg = Debug|Any CPU
		{5BF2AEAF-8004-4AB3-A885-92FCCA2F3A11}.Debug|Any CPU.Build.0 = Debug|Any CPU
		{5BF2AEAF-8004-4AB3-A885-92FCCA2F3A11}.Debug|x64.ActiveCfg = Debug|Any CPU
		{5BF2AEAF-8004-4AB3-A885-92FCCA2F3A11}.Debug|x64.Build.0 = Debug|Any CPU
		{5BF2AEAF-8004-4AB3-A885-92FCCA2F3A11}.Debug|x86.ActiveCfg = Debug|Any CPU
		{5BF2AEAF-8004-4AB3-A885-92FCCA2F3A11}.Debug|x86.Build.0 = Debug|Any CPU
		{5BF2AEAF-8004-4AB3-A885-92FCCA2F3A11}.Release|Any CPU.ActiveCfg = Release|Any CPU
		{5BF2AEAF-8004-4AB3-A885-92FCCA2F3A11}.Release|Any CPU.Build.0 = Release|Any CPU
		{5BF2AEAF-8004-4AB3-A885-92FCCA2F3A11}.Release|x64.ActiveCfg = Release|Any CPU
		{5BF2AEAF-8004-4AB3-A885-92FCCA2F3A11}.Release|x64.Build.0 = Release|Any CPU
		{5BF2AEAF-8004-4AB3-A885-92FCCA2F3A11}.Release|x86.ActiveCfg = Release|Any CPU
		{5BF2AEAF-8004-4AB3-A885-92FCCA2F3A11}.Release|x86.Build.0 = Release|Any CPU
		{FE0AB53A-3898-4007-B98D-BC76897DBEBB}.Debug|Any CPU.ActiveCfg = Debug|Any CPU
		{FE0AB53A-3898-4007-B98D-BC76897DBEBB}.Debug|Any CPU.Build.0 = Debug|Any CPU
		{FE0AB53A-3898-4007-B98D-BC76897DBEBB}.Debug|x64.ActiveCfg = Debug|Any CPU
		{FE0AB53A-3898-4007-B98D-BC76897DBEBB}.Debug|x64.Build.0 = Debug|Any CPU
		{FE0AB53A-3898-4007-B98D-BC76897DBEBB}.Debug|x86.ActiveCfg = Debug|Any CPU
		{FE0AB53A-3898-4007-B98D-BC76897DBEBB}.Debug|x86.Build.0 = Debug|Any CPU
		{FE0AB53A-3898-4007-B98D-BC76897DBEBB}.Release|Any CPU.ActiveCfg = Release|Any CPU
		{FE0AB53A-3898-4007-B98D-BC76897DBEBB}.Release|Any CPU.Build.0 = Release|Any CPU
		{FE0AB53A-3898-4007-B98D-BC76897DBEBB}.Release|x64.ActiveCfg = Release|Any CPU
		{FE0AB53A-3898-4007-B98D-BC76897DBEBB}.Release|x64.Build.0 = Release|Any CPU
		{FE0AB53A-3898-4007-B98D-BC76897DBEBB}.Release|x86.ActiveCfg = Release|Any CPU
		{FE0AB53A-3898-4007-B98D-BC76897DBEBB}.Release|x86.Build.0 = Release|Any CPU
		{344D153A-8B34-4BC3-9641-6666E516BED1}.Debug|Any CPU.ActiveCfg = Debug|Any CPU
		{344D153A-8B34-4BC3-9641-6666E516BED1}.Debug|Any CPU.Build.0 = Debug|Any CPU
		{344D153A-8B34-4BC3-9641-6666E516BED1}.Debug|x64.ActiveCfg = Debug|Any CPU
		{344D153A-8B34-4BC3-9641-6666E516BED1}.Debug|x64.Build.0 = Debug|Any CPU
		{344D153A-8B34-4BC3-9641-6666E516BED1}.Debug|x86.ActiveCfg = Debug|Any CPU
		{344D153A-8B34-4BC3-9641-6666E516BED1}.Debug|x86.Build.0 = Debug|Any CPU
		{344D153A-8B34-4BC3-9641-6666E516BED1}.Release|Any CPU.ActiveCfg = Release|Any CPU
		{344D153A-8B34-4BC3-9641-6666E516BED1}.Release|Any CPU.Build.0 = Release|Any CPU
		{344D153A-8B34-4BC3-9641-6666E516BED1}.Release|x64.ActiveCfg = Release|Any CPU
		{344D153A-8B34-4BC3-9641-6666E516BED1}.Release|x64.Build.0 = Release|Any CPU
		{344D153A-8B34-4BC3-9641-6666E516BED1}.Release|x86.ActiveCfg = Release|Any CPU
		{344D153A-8B34-4BC3-9641-6666E516BED1}.Release|x86.Build.0 = Release|Any CPU
		{077D8993-2751-4B8C-BFA3-B1B736B5407C}.Debug|Any CPU.ActiveCfg = Debug|Any CPU
		{077D8993-2751-4B8C-BFA3-B1B736B5407C}.Debug|Any CPU.Build.0 = Debug|Any CPU
		{077D8993-2751-4B8C-BFA3-B1B736B5407C}.Debug|x64.ActiveCfg = Debug|Any CPU
		{077D8993-2751-4B8C-BFA3-B1B736B5407C}.Debug|x64.Build.0 = Debug|Any CPU
		{077D8993-2751-4B8C-BFA3-B1B736B5407C}.Debug|x86.ActiveCfg = Debug|Any CPU
		{077D8993-2751-4B8C-BFA3-B1B736B5407C}.Debug|x86.Build.0 = Debug|Any CPU
		{077D8993-2751-4B8C-BFA3-B1B736B5407C}.Release|Any CPU.ActiveCfg = Release|Any CPU
		{077D8993-2751-4B8C-BFA3-B1B736B5407C}.Release|Any CPU.Build.0 = Release|Any CPU
		{077D8993-2751-4B8C-BFA3-B1B736B5407C}.Release|x64.ActiveCfg = Release|Any CPU
		{077D8993-2751-4B8C-BFA3-B1B736B5407C}.Release|x64.Build.0 = Release|Any CPU
		{077D8993-2751-4B8C-BFA3-B1B736B5407C}.Release|x86.ActiveCfg = Release|Any CPU
		{077D8993-2751-4B8C-BFA3-B1B736B5407C}.Release|x86.Build.0 = Release|Any CPU
		{87462E0C-37B6-4440-A222-464EBEE2F6B8}.Debug|Any CPU.ActiveCfg = Debug|Any CPU
		{87462E0C-37B6-4440-A222-464EBEE2F6B8}.Debug|Any CPU.Build.0 = Debug|Any CPU
		{87462E0C-37B6-4440-A222-464EBEE2F6B8}.Debug|x64.ActiveCfg = Debug|Any CPU
		{87462E0C-37B6-4440-A222-464EBEE2F6B8}.Debug|x64.Build.0 = Debug|Any CPU
		{87462E0C-37B6-4440-A222-464EBEE2F6B8}.Debug|x86.ActiveCfg = Debug|Any CPU
		{87462E0C-37B6-4440-A222-464EBEE2F6B8}.Debug|x86.Build.0 = Debug|Any CPU
		{87462E0C-37B6-4440-A222-464EBEE2F6B8}.Release|Any CPU.ActiveCfg = Release|Any CPU
		{87462E0C-37B6-4440-A222-464EBEE2F6B8}.Release|Any CPU.Build.0 = Release|Any CPU
		{87462E0C-37B6-4440-A222-464EBEE2F6B8}.Release|x64.ActiveCfg = Release|Any CPU
		{87462E0C-37B6-4440-A222-464EBEE2F6B8}.Release|x64.Build.0 = Release|Any CPU
		{87462E0C-37B6-4440-A222-464EBEE2F6B8}.Release|x86.ActiveCfg = Release|Any CPU
		{87462E0C-37B6-4440-A222-464EBEE2F6B8}.Release|x86.Build.0 = Release|Any CPU
		{2F3D22B6-B03F-4498-966B-A480586DBDC4}.Debug|Any CPU.ActiveCfg = Debug|Any CPU
		{2F3D22B6-B03F-4498-966B-A480586DBDC4}.Debug|Any CPU.Build.0 = Debug|Any CPU
		{2F3D22B6-B03F-4498-966B-A480586DBDC4}.Debug|x64.ActiveCfg = Debug|Any CPU
		{2F3D22B6-B03F-4498-966B-A480586DBDC4}.Debug|x64.Build.0 = Debug|Any CPU
		{2F3D22B6-B03F-4498-966B-A480586DBDC4}.Debug|x86.ActiveCfg = Debug|Any CPU
		{2F3D22B6-B03F-4498-966B-A480586DBDC4}.Debug|x86.Build.0 = Debug|Any CPU
		{2F3D22B6-B03F-4498-966B-A480586DBDC4}.Release|Any CPU.ActiveCfg = Release|Any CPU
		{2F3D22B6-B03F-4498-966B-A480586DBDC4}.Release|Any CPU.Build.0 = Release|Any CPU
		{2F3D22B6-B03F-4498-966B-A480586DBDC4}.Release|x64.ActiveCfg = Release|Any CPU
		{2F3D22B6-B03F-4498-966B-A480586DBDC4}.Release|x64.Build.0 = Release|Any CPU
		{2F3D22B6-B03F-4498-966B-A480586DBDC4}.Release|x86.ActiveCfg = Release|Any CPU
		{2F3D22B6-B03F-4498-966B-A480586DBDC4}.Release|x86.Build.0 = Release|Any CPU
		{1BC86167-5F4F-492A-8C8D-8DE2134E5A80}.Debug|Any CPU.ActiveCfg = Debug|Any CPU
		{1BC86167-5F4F-492A-8C8D-8DE2134E5A80}.Debug|Any CPU.Build.0 = Debug|Any CPU
		{1BC86167-5F4F-492A-8C8D-8DE2134E5A80}.Debug|x64.ActiveCfg = Debug|Any CPU
		{1BC86167-5F4F-492A-8C8D-8DE2134E5A80}.Debug|x64.Build.0 = Debug|Any CPU
		{1BC86167-5F4F-492A-8C8D-8DE2134E5A80}.Debug|x86.ActiveCfg = Debug|Any CPU
		{1BC86167-5F4F-492A-8C8D-8DE2134E5A80}.Debug|x86.Build.0 = Debug|Any CPU
		{1BC86167-5F4F-492A-8C8D-8DE2134E5A80}.Release|Any CPU.ActiveCfg = Release|Any CPU
		{1BC86167-5F4F-492A-8C8D-8DE2134E5A80}.Release|Any CPU.Build.0 = Release|Any CPU
		{1BC86167-5F4F-492A-8C8D-8DE2134E5A80}.Release|x64.ActiveCfg = Release|Any CPU
		{1BC86167-5F4F-492A-8C8D-8DE2134E5A80}.Release|x64.Build.0 = Release|Any CPU
		{1BC86167-5F4F-492A-8C8D-8DE2134E5A80}.Release|x86.ActiveCfg = Release|Any CPU
		{1BC86167-5F4F-492A-8C8D-8DE2134E5A80}.Release|x86.Build.0 = Release|Any CPU
		{B08F26D8-4C2E-4E40-839A-7955117993BF}.Debug|Any CPU.ActiveCfg = Debug|Any CPU
		{B08F26D8-4C2E-4E40-839A-7955117993BF}.Debug|Any CPU.Build.0 = Debug|Any CPU
		{B08F26D8-4C2E-4E40-839A-7955117993BF}.Debug|x64.ActiveCfg = Debug|Any CPU
		{B08F26D8-4C2E-4E40-839A-7955117993BF}.Debug|x64.Build.0 = Debug|Any CPU
		{B08F26D8-4C2E-4E40-839A-7955117993BF}.Debug|x86.ActiveCfg = Debug|Any CPU
		{B08F26D8-4C2E-4E40-839A-7955117993BF}.Debug|x86.Build.0 = Debug|Any CPU
		{B08F26D8-4C2E-4E40-839A-7955117993BF}.Release|Any CPU.ActiveCfg = Release|Any CPU
		{B08F26D8-4C2E-4E40-839A-7955117993BF}.Release|Any CPU.Build.0 = Release|Any CPU
		{B08F26D8-4C2E-4E40-839A-7955117993BF}.Release|x64.ActiveCfg = Release|Any CPU
		{B08F26D8-4C2E-4E40-839A-7955117993BF}.Release|x64.Build.0 = Release|Any CPU
		{B08F26D8-4C2E-4E40-839A-7955117993BF}.Release|x86.ActiveCfg = Release|Any CPU
		{B08F26D8-4C2E-4E40-839A-7955117993BF}.Release|x86.Build.0 = Release|Any CPU
	EndGlobalSection
	GlobalSection(SolutionProperties) = preSolution
		HideSolutionNode = FALSE
	EndGlobalSection
	GlobalSection(NestedProjects) = preSolution
		{5BF2AEAF-8004-4AB3-A885-92FCCA2F3A11} = {827E0CD3-B72D-47B6-A68D-7590B98EB39B}
		{FE0AB53A-3898-4007-B98D-BC76897DBEBB} = {827E0CD3-B72D-47B6-A68D-7590B98EB39B}
		{344D153A-8B34-4BC3-9641-6666E516BED1} = {827E0CD3-B72D-47B6-A68D-7590B98EB39B}
		{077D8993-2751-4B8C-BFA3-B1B736B5407C} = {827E0CD3-B72D-47B6-A68D-7590B98EB39B}
		{87462E0C-37B6-4440-A222-464EBEE2F6B8} = {0AB3BF05-4346-4AA6-1389-037BE0695223}
		{2F3D22B6-B03F-4498-966B-A480586DBDC4} = {0AB3BF05-4346-4AA6-1389-037BE0695223}
		{1BC86167-5F4F-492A-8C8D-8DE2134E5A80} = {0AB3BF05-4346-4AA6-1389-037BE0695223}
		{B08F26D8-4C2E-4E40-839A-7955117993BF} = {0AB3BF05-4346-4AA6-1389-037BE0695223}
	EndGlobalSection
EndGlobal
